
Microsoft Visual Studio Solution File, Format Version 12.00
# Visual Studio Version 16
VisualStudioVersion = 16.0.31729.503
MinimumVisualStudioVersion = 10.0.40219.1
Project("{FAE04EC0-301F-11D3-BF4B-00C04F79EFBC}") = "PasoPorValor", "PasoPorValor\PasoPorValor.csproj", "{B0A4B096-91C4-4F25-AEAE-0BD8E37434D1}"
EndProject
Project("{FAE04EC0-301F-11D3-BF4B-00C04F79EFBC}") = "PasoPorReferencia", "PasoPorReferencia\PasoPorReferencia.csproj", "{A621B203-9687-4FCF-A5B7-F8C2CDBEE7A4}"
EndProject
Project("{FAE04EC0-301F-11D3-BF4B-00C04F79EFBC}") = "Ejercicio", "Ejercicio\Ejercicio.csproj", "{6E6BB912-2F53-4F82-83E4-98BC543E9651}"
EndProject
Global
	GlobalSection(SolutionConfigurationPlatforms) = preSolution
		Debug|Any CPU = Debug|Any CPU
		Release|Any CPU = Release|Any CPU
	EndGlobalSection
	GlobalSection(ProjectConfigurationPlatforms) = postSolution
		{B0A4B096-91C4-4F25-AEAE-0BD8E37434D1}.Debug|Any CPU.ActiveCfg = Debug|Any CPU
		{B0A4B096-91C4-4F25-AEAE-0BD8E37434D1}.Debug|Any CPU.Build.0 = Debug|Any CPU
		{B0A4B096-91C4-4F25-AEAE-0BD8E37434D1}.Release|Any CPU.ActiveCfg = Release|Any CPU
		{B0A4B096-91C4-4F25-AEAE-0BD8E37434D1}.Release|Any CPU.Build.0 = Release|Any CPU
		{A621B203-9687-4FCF-A5B7-F8C2CDBEE7A4}.Debug|Any CPU.ActiveCfg = Debug|Any CPU
		{A621B203-9687-4FCF-A5B7-F8C2CDBEE7A4}.Debug|Any CPU.Build.0 = Debug|Any CPU
		{A621B203-9687-4FCF-A5B7-F8C2CDBEE7A4}.Release|Any CPU.ActiveCfg = Release|Any CPU
		{A621B203-9687-4FCF-A5B7-F8C2CDBEE7A4}.Release|Any CPU.Build.0 = Release|Any CPU
		{6E6BB912-2F53-4F82-83E4-98BC543E9651}.Debug|Any CPU.ActiveCfg = Debug|Any CPU
		{6E6BB912-2F53-4F82-83E4-98BC543E9651}.Debug|Any CPU.Build.0 = Debug|Any CPU
		{6E6BB912-2F53-4F82-83E4-98BC543E9651}.Release|Any CPU.ActiveCfg = Release|Any CPU
		{6E6BB912-2F53-4F82-83E4-98BC543E9651}.Release|Any CPU.Build.0 = Release|Any CPU
	EndGlobalSection
	GlobalSection(SolutionProperties) = preSolution
		HideSolutionNode = FALSE
	EndGlobalSection
	GlobalSection(ExtensibilityGlobals) = postSolution
		SolutionGuid = {D97026CB-CC9F-4F79-9BEE-DF840898053F}
	EndGlobalSection
EndGlobal
